# THIS IS AN AUTOGENERATED FILE. DO NOT EDIT THIS FILE DIRECTLY.
# yarn lockfile v1


"abbrev@1":
  "integrity" "sha512-nne9/IiQ/hzIhY6pdDnbBtz7DjPTKrY00P/zvPSm5pOFkl6xuGrGnXn/VtTNNfNtAfZ9/1RtehkszU9qcTii0Q=="
  "resolved" "https://registry.npmjs.org/abbrev/-/abbrev-1.1.1.tgz"
  "version" "1.1.1"

"amdefine@>=0.0.4":
  "integrity" "sha512-S2Hw0TtNkMJhIabBwIojKL9YHO5T0n5eNqWJ7Lrlel/zDbftQpxpapi8tZs3X1HWa+u+QeydGmzzNU0m09+Rcg=="
  "resolved" "https://registry.npmjs.org/amdefine/-/amdefine-1.0.1.tgz"
  "version" "1.0.1"

"argparse@~ 0.1.11":
  "integrity" "sha512-LjmC2dNpdn2L4UzyoaIr11ELYoLn37ZFy9zObrQFHsSuOepeUEMKnM8w5KL4Tnrp2gy88rRuQt6Ky8Bjml+Baw=="
  "resolved" "https://registry.npmjs.org/argparse/-/argparse-0.1.16.tgz"
  "version" "0.1.16"
  dependencies:
    "underscore" "~1.7.0"
    "underscore.string" "~2.4.0"

"async@~0.1.22":
  "integrity" "sha512-2tEzliJmf5fHNafNwQLJXUasGzQCVctvsNkXmnlELHwypU0p08/rHohYvkqKIjyXpx+0rkrYv6QbhJ+UF4QkBg=="
  "resolved" "https://registry.npmjs.org/async/-/async-0.1.22.tgz"
  "version" "0.1.22"

"async@~0.2.6":
  "integrity" "sha512-eAkdoKxU6/LkKDBzLpT+t6Ff5EtfSF4wx1WfJiPEEV7WNLnDaRXk0oVysiEPm262roaachGexwUv94WhSgN5TQ=="
  "resolved" "https://registry.npmjs.org/async/-/async-0.2.10.tgz"
  "version" "0.2.10"

"async@0.2.9":
  "integrity" "sha512-OAtM6mexGteNKdU29wcUfRW+VuBr94A3hx9h9yzBnPaQAbKoW1ORd68XM4CCAOpdL5wlNFgO29hsY1TKv2vAKw=="
  "resolved" "https://registry.npmjs.org/async/-/async-0.2.9.tgz"
  "version" "0.2.9"

"camelcase@^1.0.2":
  "integrity" "sha512-wzLkDa4K/mzI1OSITC+DUyjgIl/ETNHE9QvYgy6J6Jvqyyz4C0Xfd+lQhb19sX2jMpZV4IssUn0VDVmglV+s4g=="
  "resolved" "https://registry.npmjs.org/camelcase/-/camelcase-1.2.1.tgz"
  "version" "1.2.1"

"coffee-script@~1.3.3":
  "integrity" "sha512-QjQ1T4BqyHv19k6XSfdhy/QLlIOhywz0ekBUCa9h71zYMJlfDTGan/Z1JXzYkZ6v8R+GhvL/p4FZPbPW8WNXlg=="
  "resolved" "https://registry.npmjs.org/coffee-script/-/coffee-script-1.3.3.tgz"
  "version" "1.3.3"

"collections@~0.1.3":
  "integrity" "sha512-a0XmxRxGSHtSFRh4oNzS7jTyBulEFIaxvH4Ey2DcQ1ueyq3e3B3JOxzzxnrnBKmgo0U3F2PRy7HkUgqszWrTSQ=="
  "resolved" "https://registry.npmjs.org/collections/-/collections-0.1.24.tgz"
  "version" "0.1.24"
  dependencies:
    "weak-map" "1.0.0"

"colors@~0.6.0-1", "colors@0.6.x":
  "integrity" "sha512-OsSVtHK8Ir8r3+Fxw/b4jS1ZLPXkV6ZxDRJQzeD7qo0SqMXWrHDM71DgYzPMHY8SFJ0Ao+nNU2p1MmwdzKqPrw=="
  "resolved" "https://registry.npmjs.org/colors/-/colors-0.6.2.tgz"
  "version" "0.6.2"

"commander@2.2.0":
  "integrity" "sha512-U6hBkeIsoeE81B+yas9uVF4YYVcVoBCwb1e314VPyvVQubFwvnTAuc1oUQ6VuMPYUS4Rf1gzr0wTVLvs4sb5Pw=="
  "resolved" "https://registry.npmjs.org/commander/-/commander-2.2.0.tgz"
  "version" "2.2.0"

"dateformat@1.0.2-1.2.3":
  "integrity" "sha512-AXvW8g7tO4ilk5HgOWeDmPi/ZPaCnMJ+9Cg1I3p19w6mcvAAXBuuGEXAxybC+Djj1PSZUiHUcyoYu7WneCX8gQ=="
  "resolved" "https://registry.npmjs.org/dateformat/-/dateformat-1.0.2-1.2.3.tgz"
  "version" "1.0.2-1.2.3"

"debug@*":
  "integrity" "sha512-PRWFHuSU3eDtQJPvnNY7Jcket1j0t5OuOsFzPPzsekD52Zl8qUfFIPEiswXqIvHWGVHOgX+7G/vCNNhehwxfkQ=="
  "resolved" "https://registry.npmjs.org/debug/-/debug-4.3.4.tgz"
  "version" "4.3.4"
  dependencies:
    "ms" "2.1.2"

"decamelize@^1.0.0":
  "integrity" "sha512-z2S+W9X73hAUUki+N+9Za2lBlun89zigOyGrsax+KUQ6wKW4ZoWpEYBkGhQjwAjjDCkWxhY0VKEhk8wzY7F5cA=="
  "resolved" "https://registry.npmjs.org/decamelize/-/decamelize-1.2.0.tgz"
  "version" "1.2.0"

"ecstatic@0.4.x":
  "integrity" "sha512-dIKJNQulD/Pi//s8H75KRH6gjK23v7E/ZyeW4ssfTMHgboIZiqGstOZZ4kGpeUomJCgZ9Qg8ub1fB2zYBM6cKw=="
  "resolved" "https://registry.npmjs.org/ecstatic/-/ecstatic-0.4.13.tgz"
  "version" "0.4.13"
  dependencies:
    "ent" "0.0.x"
    "mime" "1.2.x"
    "optimist" "~0.3.5"

"ent@0.0.x":
  "integrity" "sha512-jh1C3FuR/Ma6BiVNCNoOJ8RXQdX7Dmjx/NFUb+gOMJ0i42aLQfm/ZArI+rscmsK+vgryxMhhKryvFh5pQ/6xcw=="
  "resolved" "https://registry.npmjs.org/ent/-/ent-0.0.7.tgz"
  "version" "0.0.7"

"esprima@~ 1.0.2":
  "integrity" "sha512-rp5dMKN8zEs9dfi9g0X1ClLmV//WRyk/R15mppFNICIFRG5P92VP7Z04p8pk++gABo9W2tY+kHyu6P1mEHgmTA=="
  "resolved" "https://registry.npmjs.org/esprima/-/esprima-1.0.4.tgz"
  "version" "1.0.4"

"eventemitter2@~0.4.9":
  "integrity" "sha512-K7J4xq5xAD5jHsGM5ReWXRTFa3JRGofHiMcVgQ8PRwgWxzjHpMWCIzsmyf60+mh8KLsqYPcjUMa0AC4hd6lPyQ=="
  "resolved" "https://registry.npmjs.org/eventemitter2/-/eventemitter2-0.4.14.tgz"
  "version" "0.4.14"

"findup-sync@~0.1.0":
  "integrity" "sha512-yjftfYnF4ThYEvKEV/kEFR15dmtyXTAh3vQnzpJUoc7Naj5y1P0Ck7Zs1+Vroa00E3KT3IYsk756S+8WA5dNLw=="
  "resolved" "https://registry.npmjs.org/findup-sync/-/findup-sync-0.1.3.tgz"
  "version" "0.1.3"
  dependencies:
    "glob" "~3.2.9"
    "lodash" "~2.4.1"

"fresh@~0.2.1":
  "integrity" "sha512-mnBGgIFRNu54GtbkXy6+QKPYW/b5joAURorA8ELeJc/5BBNph6Go1NmHa9dt08ghFnhGuLenrUmNO8Za1CwEUQ=="
  "resolved" "https://registry.npmjs.org/fresh/-/fresh-0.2.4.tgz"
  "version" "0.2.4"

"fs-extra@0.8.1":
  "integrity" "sha512-Akj5XDR7y7vvXJi9m7R9D7TCBk6tkdCSI9ot4FJ8ulBog14KyqCi/6JxXa4AU6P9YhEZWwmTQ6Bi5QUyYrFqWQ=="
  "resolved" "https://registry.npmjs.org/fs-extra/-/fs-extra-0.8.1.tgz"
  "version" "0.8.1"
  dependencies:
    "jsonfile" "~1.1.0"
    "mkdirp" "0.3.x"
    "ncp" "~0.4.2"
    "rimraf" "~2.2.0"

"fstream-ignore@0.0.7":
  "integrity" "sha512-mW/Z+q9PM0YPYIGrKQxyAaau+3iAbmzjlYCyDV82kXcTlrN8nFcEYI9R2pDtiGGEGXiR5D7tcaPpar5vIq/iuQ=="
  "resolved" "https://registry.npmjs.org/fstream-ignore/-/fstream-ignore-0.0.7.tgz"
  "version" "0.0.7"
  dependencies:
    "fstream" "~0.1.17"
    "inherits" "2"
    "minimatch" "~0.2.0"

"fstream@~0.1.17":
  "integrity" "sha512-N1pLGEHoDyCoI8uMmPXJXhn238L4nk41iipXCrqs4Ss0ooYSr5sNj2ucMo5AqJVC4OaOa7IztpBhOaaYTGZVuA=="
  "resolved" "https://registry.npmjs.org/fstream/-/fstream-0.1.31.tgz"
  "version" "0.1.31"
  dependencies:
    "graceful-fs" "~3.0.2"
    "inherits" "~2.0.0"
    "mkdirp" "0.5"
    "rimraf" "2"

"gaze@~0.5.1":
  "integrity" "sha512-3IWbXGkDDHFX8zIlNdfnmhvlSMhpBO6tDr4InB8fGku6dh/gjFPGNqcdsXJajZg05x9jRzXbL6gCnCnuMap4tw=="
  "resolved" "https://registry.npmjs.org/gaze/-/gaze-0.5.2.tgz"
  "version" "0.5.2"
  dependencies:
    "globule" "~0.1.0"

"gitbook-plugin-edit-link@^2.0.2":
  "integrity" "sha1-2PzZJ+ztgeemYqctWdtgnq/X5y8="
  "resolved" "https://registry.npmjs.org/gitbook-plugin-edit-link/-/gitbook-plugin-edit-link-2.0.2.tgz"
  "version" "2.0.2"

"gitbook-plugin-mathjax@0.0.3":
  "integrity" "sha512-ibRTtpNBRe9OvBMRaPB07uJ85ldpr3Y2q5S4+0XABkeWfb/RIiS/HJhNttO3vR0QBe9Z5j1AmMZ+byImMDlDSw=="
  "resolved" "https://registry.npmjs.org/gitbook-plugin-mathjax/-/gitbook-plugin-mathjax-0.0.3.tgz"
  "version" "0.0.3"

"gitbook-plugin-mixpanel@0.0.2":
  "integrity" "sha512-KfQxLpDNW64nPucf1O5D/D6eVRqU1j1TKdzawk59iTu5lZXQLGwTpNTL876liULLMcBPWKychb0mfz6NMBjfGA=="
  "resolved" "https://registry.npmjs.org/gitbook-plugin-mixpanel/-/gitbook-plugin-mixpanel-0.0.2.tgz"
  "version" "0.0.2"

"gitbook-plugin@0.0.2":
  "integrity" "sha512-NdQmgbIzkShXaRzKtTl40AACKvjV5Fv/175x16BhZ/t+GDHAQVUOw7q28RJPesdw5G7r7aDbin9jzd0gPjukrw=="
  "resolved" "https://registry.npmjs.org/gitbook-plugin/-/gitbook-plugin-0.0.2.tgz"
  "version" "0.0.2"

"gitbook@0.4.2":
  "integrity" "sha512-BeZXhz0IiXs3fqS85nqGahe5hfOx0WUvIbo3EUzA3f9c7+Om8BQeHX4OGwGucWNDzG0um3PDhT0eyL2LEB9ytA=="
  "resolved" "https://registry.npmjs.org/gitbook/-/gitbook-0.4.2.tgz"
  "version" "0.4.2"
  dependencies:
    "commander" "2.2.0"
    "fs-extra" "0.8.1"
    "fstream-ignore" "0.0.7"
    "gaze" "~0.5.1"
    "gitbook-plugin" "0.0.2"
    "gitbook-plugin-mathjax" "0.0.3"
    "gitbook-plugin-mixpanel" "0.0.2"
    "highlight.js" "8.0.0"
    "lodash" "2.4.1"
    "lunr" "0.5.2"
    "marked" "0.3.2"
    "marked-text-renderer" "0.0.1"
    "q" "1.0.1"
    "resolve" "0.6.3"
    "semver" "2.2.1"
    "send" "0.2.0"
    "swig" "1.3.2"
    "tmp" "0.0.23"

"glob@~3.1.21":
  "integrity" "sha512-ANhy2V2+tFpRajE3wN4DhkNQ08KDr0Ir1qL12/cUe5+a7STEK8jkW4onUYuY8/06qAFuT5je7mjAqzx0eKI2tQ=="
  "resolved" "https://registry.npmjs.org/glob/-/glob-3.1.21.tgz"
  "version" "3.1.21"
  dependencies:
    "graceful-fs" "~1.2.0"
    "inherits" "1"
    "minimatch" "~0.2.11"

"glob@~3.2.9":
  "integrity" "sha512-hVb0zwEZwC1FXSKRPFTeOtN7AArJcJlI6ULGLtrstaswKNlrTJqAA+1lYlSUop4vjA423xlBzqfVS3iWGlqJ+g=="
  "resolved" "https://registry.npmjs.org/glob/-/glob-3.2.11.tgz"
  "version" "3.2.11"
  dependencies:
    "inherits" "2"
    "minimatch" "0.3"

"globule@~0.1.0":
  "integrity" "sha512-3eIcA2OjPCm4VvwIwZPzIxCVssA8HSpM2C6c6kK5ufJH4FGwWoyqL3In19uuX4oe+TwH3w2P1nQDmW56iehO4A=="
  "resolved" "https://registry.npmjs.org/globule/-/globule-0.1.0.tgz"
  "version" "0.1.0"
  dependencies:
    "glob" "~3.1.21"
    "lodash" "~1.0.1"
    "minimatch" "~0.2.11"

"graceful-fs@~1.1":
  "integrity" "sha512-a30VEBm4PEdx1dRB7MFK7BejejvCvBronbLjht+sHuGYj8PHs7M/5Z+rt5lw551vZ7yfTCj4Vuyy3mSJytDWRQ=="
  "resolved" "https://registry.npmjs.org/graceful-fs/-/graceful-fs-4.2.3.tgz"
  "version" "4.2.3"

"graceful-fs@~1.2.0":
  "integrity" "sha512-a30VEBm4PEdx1dRB7MFK7BejejvCvBronbLjht+sHuGYj8PHs7M/5Z+rt5lw551vZ7yfTCj4Vuyy3mSJytDWRQ=="
  "resolved" "https://registry.npmjs.org/graceful-fs/-/graceful-fs-4.2.3.tgz"
  "version" "4.2.3"

"graceful-fs@~3.0.2":
  "integrity" "sha512-a30VEBm4PEdx1dRB7MFK7BejejvCvBronbLjht+sHuGYj8PHs7M/5Z+rt5lw551vZ7yfTCj4Vuyy3mSJytDWRQ=="
  "resolved" "https://registry.npmjs.org/graceful-fs/-/graceful-fs-4.2.3.tgz"
  "version" "4.2.3"
  dependencies:
    "natives" "^1.1.3"

"graceful-fs@2.0.1":
  "integrity" "sha512-a30VEBm4PEdx1dRB7MFK7BejejvCvBronbLjht+sHuGYj8PHs7M/5Z+rt5lw551vZ7yfTCj4Vuyy3mSJytDWRQ=="
  "resolved" "https://registry.npmjs.org/graceful-fs/-/graceful-fs-4.2.3.tgz"
  "version" "4.2.3"

"grunt-contrib-clean@^0.5.0":
  "integrity" "sha512-82I+O38BHP4rqxceareiDKnLnrSyGnyn6N9E6sUpBgCtxXgxMbJEBooSC7KtXhLO7im1QhoPp9FdSvTZ+k1bIw=="
  "resolved" "https://registry.npmjs.org/grunt-contrib-clean/-/grunt-contrib-clean-0.5.0.tgz"
  "version" "0.5.0"
  dependencies:
    "rimraf" "~2.2.1"

"grunt-gh-pages@^0.9.1":
  "integrity" "sha512-hw45ZiZ5I9iDUWj+4ejagU3UZt8+Rb3k7ZptoBzVsHiKOp3CEJhCrWntKpTHTMPZMue5z0X6AQcwKuMnrfyk8Q=="
  "resolved" "https://registry.npmjs.org/grunt-gh-pages/-/grunt-gh-pages-0.9.1.tgz"
  "version" "0.9.1"
  dependencies:
    "async" "0.2.9"
    "graceful-fs" "2.0.1"
    "q" "0.9.3"
    "q-io" "1.6.5"
    "wrench" "1.5.1"

"grunt-gitbook@^0.4.2":
  "integrity" "sha512-HDYbMVwz14tt0v+HlnkdaB9csaAWQXIl28O5RnyfMrJhcK58YIQeSIq3FSbsnmfYdpvYXW0nROdRFDJHjURzfQ=="
  "resolved" "https://registry.npmjs.org/grunt-gitbook/-/grunt-gitbook-0.4.2.tgz"
  "version" "0.4.2"
  dependencies:
    "gitbook" "0.4.2"

"grunt-http-server@^0.0.4":
  "integrity" "sha512-WYCaLu+/Aa4bg5CXmYGLMLeu3iz2TfLIbCcpb1vAsNgHfivjVLpIViyaXPT49wT0s9elwuDpCu34tCkslTUsBQ=="
  "resolved" "https://registry.npmjs.org/grunt-http-server/-/grunt-http-server-0.0.4.tgz"
  "version" "0.0.4"
  dependencies:
    "http-server" "0.6.0"
    "lodash" ">=1.3"

"grunt@^0.4.1", "grunt@~0.4.0", "grunt@~0.4.1":
  "integrity" "sha512-gCkNXGpkjekpeF7//PpdYgLaW2GRSsEClTf8m8m2ETMPN4ilGe3O8iq/OQPBn8rXSrNr6PCICqOmU6un6wEBLg=="
  "resolved" "https://registry.npmjs.org/grunt/-/grunt-0.4.1.tgz"
  "version" "0.4.1"
  dependencies:
    "async" "~0.1.22"
    "coffee-script" "~1.3.3"
    "colors" "~0.6.0-1"
    "dateformat" "1.0.2-1.2.3"
    "eventemitter2" "~0.4.9"
    "findup-sync" "~0.1.0"
    "glob" "~3.1.21"
    "hooker" "~0.2.3"
    "iconv-lite" "~0.2.5"
    "js-yaml" "~2.0.2"
    "lodash" "~0.9.0"
    "minimatch" "~0.2.6"
    "nopt" "~1.0.10"
    "rimraf" "~2.0.2"
    "underscore.string" "~2.2.0rc"
    "which" "~1.0.5"

"highlight.js@8.0.0":
  "integrity" "sha512-e3tCGUx5esC6tZrXtxne7tkH+pq5l+nXkmJYVMbh40MrPYUubke+hDlE6NoSJNJ8l34ATBPR3t/cpNAnqavjOA=="
  "resolved" "https://registry.npmjs.org/highlight.js/-/highlight.js-8.0.0.tgz"
  "version" "8.0.0"

"hooker@~0.2.3":
  "integrity" "sha512-t+UerCsQviSymAInD01Pw+Dn/usmz1sRO+3Zk1+lx8eg+WKpD2ulcwWqHHL0+aseRBr+3+vIhiG1K1JTwaIcTA=="
  "resolved" "https://registry.npmjs.org/hooker/-/hooker-0.2.3.tgz"
  "version" "0.2.3"

"http-server@0.6.0":
  "integrity" "sha512-jgiUPCRRZdeY3eBqG1WdExPiIsIl70WsvT9BzZWM7JqG10MW2mIFhmpnY8wmg0xO8beyHDr+9aILIUEtyhSt7g=="
  "resolved" "https://registry.npmjs.org/http-server/-/http-server-0.6.0.tgz"
  "version" "0.6.0"
  dependencies:
    "colors" "0.6.x"
    "ecstatic" "0.4.x"
    "opener" "~1.3.0"
    "optimist" "0.5.x"
    "portfinder" "0.2.x"
    "union" "0.3.x"

"iconv-lite@~0.2.5":
  "integrity" "sha512-KhmFWgaQZY83Cbhi+ADInoUQ8Etn6BG5fikM9syeOjQltvR45h7cRKJ/9uvQEuD61I3Uju77yYce0/LhKVClQw=="
  "resolved" "https://registry.npmjs.org/iconv-lite/-/iconv-lite-0.2.11.tgz"
  "version" "0.2.11"

"inherits@~2.0.0":
  "integrity" "sha512-k/vGaX4/Yla3WzyMCvTQOXYeIHvqOKtnqBduzTHpzpQZzAskKMhZ2K+EnBiSM9zGSoIFeMpXKxa4dYeZIQqewQ=="
  "resolved" "https://registry.npmjs.org/inherits/-/inherits-2.0.4.tgz"
  "version" "2.0.4"

"inherits@1":
  "integrity" "sha512-Al67oatbRSo3RV5hRqIoln6Y5yMVbJSIn4jEJNL7VCImzq/kLr7vvb6sFRJXqr8rpHc/2kJOM+y0sPKN47VdzA=="
  "resolved" "https://registry.npmjs.org/inherits/-/inherits-1.0.2.tgz"
  "version" "1.0.2"

"inherits@2":
  "integrity" "sha512-k/vGaX4/Yla3WzyMCvTQOXYeIHvqOKtnqBduzTHpzpQZzAskKMhZ2K+EnBiSM9zGSoIFeMpXKxa4dYeZIQqewQ=="
  "resolved" "https://registry.npmjs.org/inherits/-/inherits-2.0.4.tgz"
  "version" "2.0.4"

"js-yaml@~2.0.2":
  "integrity" "sha512-VEKcIksckDBUhg2JS874xVouiPkywVUh4yyUmLCDe1Zg3bCd6M+F1eGPenPeHLc2XC8pp9G8bsuofK0NeEqRkA=="
  "resolved" "https://registry.npmjs.org/js-yaml/-/js-yaml-2.0.5.tgz"
  "version" "2.0.5"
  dependencies:
    "argparse" "~ 0.1.11"
    "esprima" "~ 1.0.2"

"jsonfile@~1.1.0":
  "integrity" "sha512-yrmo536TrJWDHNYlkCjtkPSqNnAkt6u1k89O5Xxr53zc4DkdikTHE+Fx6VF7syJd18xsdo24U4csedAkhLgxVQ=="
  "resolved" "https://registry.npmjs.org/jsonfile/-/jsonfile-1.1.1.tgz"
  "version" "1.1.1"

"lodash@>=1.3":
  "integrity" "sha512-v2kDEe57lecTulaDIuNTPy3Ry4gLGJ6Z1O3vE1krgXZNrsQ+LFTGHVxVjcXPs17LhbZVGedAJv8XZ1tvj5FvSg=="
  "resolved" "https://registry.npmjs.org/lodash/-/lodash-4.17.21.tgz"
  "version" "4.17.21"

"lodash@~0.9.0":
  "integrity" "sha512-LVbt/rjK62gSbhehDVKL0vlaime4Y1IBixL+bKeNfoY4L2zab/jGrxU6Ka05tMA/zBxkTk5t3ivtphdyYupczw=="
  "resolved" "https://registry.npmjs.org/lodash/-/lodash-0.9.2.tgz"
  "version" "0.9.2"

"lodash@~1.0.1":
  "integrity" "sha512-0VSEDVec/Me2eATuoiQd8IjyBMMX0fahob8YJ96V1go2RjvCk1m1GxmtfXn8RNSaLaTtop7fsuhhu9oLk3hUgA=="
  "resolved" "https://registry.npmjs.org/lodash/-/lodash-1.0.2.tgz"
  "version" "1.0.2"

"lodash@~2.4.1":
  "integrity" "sha512-Kak1hi6/hYHGVPmdyiZijoQyz5x2iGVzs6w9GYB/HiXEtylY7tIoYEROMjvM1d9nXJqPOrG2MNPMn01bJ+S0Rw=="
  "resolved" "https://registry.npmjs.org/lodash/-/lodash-2.4.2.tgz"
  "version" "2.4.2"

"lodash@2.4.1":
  "integrity" "sha512-qa6QqjA9jJB4AYw+NpD2GI4dzHL6Mv0hL+By6iIul4Ce0C1refrjZJmcGvWdnLUwl4LIPtvzje3UQfGH+nCEsQ=="
  "resolved" "https://registry.npmjs.org/lodash/-/lodash-2.4.1.tgz"
  "version" "2.4.1"

"lru-cache@2":
  "integrity" "sha512-WpibWJ60c3AgAz8a2iYErDrcT2C7OmKnsWhIcHOjkUHFjkXncJhtLxNSqUmxRxRunpb5I8Vprd7aNSd2NtksJQ=="
  "resolved" "https://registry.npmjs.org/lru-cache/-/lru-cache-2.7.3.tgz"
  "version" "2.7.3"

"lunr@0.5.2":
  "integrity" "sha512-jN440eShO7nq5MBP94ZI7w/BEqTymwQUW8aDUVodWQp/zL7SWpgQ/tz5UyYCKChw+qPMsARlZVo9e2hRrtsQlw=="
  "resolved" "https://registry.npmjs.org/lunr/-/lunr-0.5.2.tgz"
  "version" "0.5.2"

"marked-text-renderer@0.0.1":
  "integrity" "sha512-wH3bwY+1xIzwLy40KLuedliY6JtIPBrsfH7+jMEPAvzyqwH0zLeEAQu18lYOArBVJi4K5NXH3zQ+hYoMIRuYfw=="
  "resolved" "https://registry.npmjs.org/marked-text-renderer/-/marked-text-renderer-0.0.1.tgz"
  "version" "0.0.1"

"marked@0.3.2":
  "integrity" "sha512-Wvq6b3iV2F03cdF0FdXNNQSGAWAcrSW/RjHeMWyHr/zR8MWtmTKNEkgA8VfPdpu8EiGuFgxCPgVxJgBZoPCpAQ=="
  "resolved" "https://registry.npmjs.org/marked/-/marked-0.3.2.tgz"
  "version" "0.3.2"

"mime@~1.2", "mime@~1.2.9", "mime@1.2.x":
  "integrity" "sha512-Ysa2F/nqTNGHhhm9MV8ure4+Hc+Y8AWiqUdHxsO7xu8zc92ND9f3kpALHjaP026Ft17UfxrMt95c50PLUeynBw=="
  "resolved" "https://registry.npmjs.org/mime/-/mime-1.2.11.tgz"
  "version" "1.2.11"

"mimeparse@~0.1.4":
  "integrity" "sha512-jiuAsJJY4c0oF97oHKic9nva2y1QF2yhYJG3LXLys//f8SNQ89eFuGZ29z62Z29CAY4endJS6zFiKUtURFErog=="
  "resolved" "https://registry.npmjs.org/mimeparse/-/mimeparse-0.1.4.tgz"
  "version" "0.1.4"

"minimatch@~0.2.0", "minimatch@~0.2.11", "minimatch@~0.2.6":
  "integrity" "sha512-zZ+Jy8lVWlvqqeM8iZB7w7KmQkoJn8djM585z88rywrEbzoqawVa9FR5p2hwD+y74nfuKOjmNvi9gtWJNLqHvA=="
  "resolved" "https://registry.npmjs.org/minimatch/-/minimatch-0.2.14.tgz"
  "version" "0.2.14"
  dependencies:
    "lru-cache" "2"
    "sigmund" "~1.0.0"

"minimatch@0.3":
  "integrity" "sha512-WFX1jI1AaxNTZVOHLBVazwTWKaQjoykSzCBNXB72vDTCzopQGtyP91tKdFK5cv1+qMwPyiTu1HqUriqplI8pcA=="
  "resolved" "https://registry.npmjs.org/minimatch/-/minimatch-0.3.0.tgz"
  "version" "0.3.0"
  dependencies:
    "lru-cache" "2"
    "sigmund" "~1.0.0"

"minimist@^1.2.6":
  "integrity" "sha512-2yyAR8qBkN3YuheJanUpWC5U3bb5osDywNB8RzDVlDwDHbocAJveqqj1u8+SVD7jkWT4yvsHCpWqqWqAxb0zCA=="
  "resolved" "https://registry.npmjs.org/minimist/-/minimist-1.2.8.tgz"
  "version" "1.2.8"

"minimist@~0.0.1":
  "integrity" "sha512-iotkTvxc+TwOm5Ieim8VnSNvCDjCK9S8G3scJ50ZthspSxa7jx50jkhYduuAtAjvfDUwSgOwf8+If99AlOEhyw=="
  "resolved" "https://registry.npmjs.org/minimist/-/minimist-0.0.10.tgz"
  "version" "0.0.10"

"mkdirp@0.0.x":
  "integrity" "sha512-r4Ml2CH2Kl4B0+Lwq1SVru0vjMxdtR+UEb938WTQcsnU+EJz8dUV/HY0LTZh466nUSljia9cvqW3LZLWs3l8LQ=="
  "resolved" "https://registry.npmjs.org/mkdirp/-/mkdirp-0.0.7.tgz"
  "version" "0.0.7"

"mkdirp@0.3.x":
  "integrity" "sha512-8OCq0De/h9ZxseqzCH8Kw/Filf5pF/vMI6+BH7Lu0jXz2pqYCjTAQRolSxRIi+Ax+oCCjlxoJMP0YQ4XlrQNHg=="
  "resolved" "https://registry.npmjs.org/mkdirp/-/mkdirp-0.3.5.tgz"
  "version" "0.3.5"

"mkdirp@0.5":
  "integrity" "sha512-FP+p8RB8OWpF3YZBCrP5gtADmtXApB5AMLn+vdyA+PyxCjrCs00mjyUozssO33cwDeT3wNGdLxJ5M//YqtHAJw=="
  "resolved" "https://registry.npmjs.org/mkdirp/-/mkdirp-0.5.6.tgz"
  "version" "0.5.6"
  dependencies:
    "minimist" "^1.2.6"

"ms@2.1.2":
  "integrity" "sha512-sGkPx+VjMtmA6MX27oA4FBFELFCZZ4S4XqeGOXCv68tT+jb3vk/RyaKWP0PTKyWtmLSM0b+adUTEvbs1PEaH2w=="
  "resolved" "https://registry.npmjs.org/ms/-/ms-2.1.2.tgz"
  "version" "2.1.2"

"natives@^1.1.3":
  "integrity" "sha512-6+TDFewD4yxY14ptjKaS63GVdtKiES1pTPyxn9Jb0rBqPMZ7VcCiooEhPNsr+mqHtMGxa/5c/HhcC4uPEUw/nA=="
  "resolved" "https://registry.npmjs.org/natives/-/natives-1.1.6.tgz"
  "version" "1.1.6"

"ncp@~0.4.2":
  "integrity" "sha512-PfGU8jYWdRl4FqJfCy0IzbkGyFHntfWygZg46nFk/dJD/XRrk2cj0SsKSX9n5u5gE0E0YfEpKWrEkfjnlZSTXA=="
  "resolved" "https://registry.npmjs.org/ncp/-/ncp-0.4.2.tgz"
  "version" "0.4.2"

"nopt@~1.0.10":
  "integrity" "sha512-NWmpvLSqUrgrAC9HCuxEvb+PSloHpqVu+FqcO4eeF2h5qYRhA7ev6KvelyQAKtegUbC6RypJnlEOhd8vloNKYg=="
  "resolved" "https://registry.npmjs.org/nopt/-/nopt-1.0.10.tgz"
  "version" "1.0.10"
  dependencies:
    "abbrev" "1"

"opener@~1.3.0":
  "integrity" "sha512-sBqelaOnn8SA+zefIj/VMXgIACr6URhyysMn2DEx2fTcbmyDbPf8wWs5rPgoR2SVRBk1oNYl8YE7LwV84FCJCg=="
  "resolved" "https://registry.npmjs.org/opener/-/opener-1.3.0.tgz"
  "version" "1.3.0"

"optimist@~0.3.5":
  "integrity" "sha512-TCx0dXQzVtSCg2OgY/bO9hjM9cV4XYx09TVK+s3+FhkjT6LovsLe+pPMzpWf+6yXK/hUizs2gUoTw3jHM0VaTQ=="
  "resolved" "https://registry.npmjs.org/optimist/-/optimist-0.3.7.tgz"
  "version" "0.3.7"
  dependencies:
    "wordwrap" "~0.0.2"

"optimist@~0.6":
  "integrity" "sha512-snN4O4TkigujZphWLN0E//nQmm7790RYaE53DdL7ZYwee2D8DDo9/EyYiKUfN3rneWUjhJnueija3G9I2i0h3g=="
  "resolved" "https://registry.npmjs.org/optimist/-/optimist-0.6.1.tgz"
  "version" "0.6.1"
  dependencies:
    "minimist" "~0.0.1"
    "wordwrap" "~0.0.2"

"optimist@0.5.x":
  "integrity" "sha512-r9M8ZpnM9SXV5Wii7TCqienfcaY3tAiJe9Jchof87icbmbruKgK0xKXngmrnowTDnEawmmI1Qbha59JEoBkBGA=="
  "resolved" "https://registry.npmjs.org/optimist/-/optimist-0.5.2.tgz"
  "version" "0.5.2"
  dependencies:
    "wordwrap" "~0.0.2"

"pkginfo@0.2.x":
  "integrity" "sha512-7W7wTrE/NsY8xv/DTGjwNIyNah81EQH0MWcTzrHL6pOpMocOGZc0Mbdz9aXxSrp+U0mSmkU8jrNCDCfUs3sOBg=="
  "resolved" "https://registry.npmjs.org/pkginfo/-/pkginfo-0.2.3.tgz"
  "version" "0.2.3"

"portfinder@0.2.x":
  "integrity" "sha512-U7dHe7mfMMP5cIwbqBHh/likunxAEiBsQLiThUWjyeRK6/C3um2uk+VGiekUW8q3h+s793gdNfagCM3aaXMeOg=="
  "resolved" "https://registry.npmjs.org/portfinder/-/portfinder-0.2.1.tgz"
  "version" "0.2.1"
  dependencies:
    "mkdirp" "0.0.x"

"q-io@1.6.5":
  "integrity" "sha512-JxK4qNvcIEB9uwYuTnreznlHyIxzODGnxVr2of5+XyW/ZpL/zx7bpuc+nj6SA3aOOYP+kAxnyZjNBg5KLPqDiA=="
  "resolved" "https://registry.npmjs.org/q-io/-/q-io-1.6.5.tgz"
  "version" "1.6.5"
  dependencies:
    "collections" "~0.1.3"
    "mime" "~1.2"
    "mimeparse" "~0.1.4"
    "q" "~0.9.1"
    "qs" "~0.1.0"
    "url2" "~0.0.0"

"q@~0.9.1":
  "integrity" "sha512-ijt0LhxWClXBtc1RCt8H0WhlZLAdVX26nWbpsJy+Hblmp81d2F/pFsvlrJhJDDruFHM+ECtxP0H0HzGSrARkwg=="
  "resolved" "https://registry.npmjs.org/q/-/q-0.9.7.tgz"
  "version" "0.9.7"

"q@0.9.3":
  "integrity" "sha512-zmjv1HSeKn3W+zYfnRwGqokOtCOG/fR+pAbYfafDl5/M8Z+uwmKopfGTtf2qfHj2N843lU+qdl3RLX6MdJpQpg=="
  "resolved" "https://registry.npmjs.org/q/-/q-0.9.3.tgz"
  "version" "0.9.3"

"q@1.0.1":
  "integrity" "sha512-18MnBaCeBX9sLRUdtxz/6onlb7wLzFxCylklyO8n27y5JxJYaGLPu4ccyc5zih58SpEzY8QmfwaWqguqXU6Y+A=="
  "resolved" "https://registry.npmjs.org/q/-/q-1.0.1.tgz"
  "version" "1.0.1"

"qs@~0.1.0":
  "integrity" "sha512-ToZQFywckFeLEvpo5Ofy2AwXb1ywEUhZlRdN3OyZZN8262BkPPiX8dlp5YIfeV50PkrEkkXjGTN6VNLMChGUyg=="
  "resolved" "https://registry.npmjs.org/qs/-/qs-0.1.0.tgz"
  "version" "0.1.0"

"qs@0.5.x":
  "integrity" "sha512-KbOrQrP5Ye+0gmq+hwxoJwAFRwExACWqwxj1IDFFgqOw9Poxy3wwSbafd9ZqP6T6ykMfnxM573kt/a4i9ybatQ=="
  "resolved" "https://registry.npmjs.org/qs/-/qs-0.5.6.tgz"
  "version" "0.5.6"

"range-parser@~1.0.0":
  "integrity" "sha512-nDsRrtIxVUO5opg/A8T2S3ebULVIfuh8ECbh4w3N4mWxIiT3QILDJDUQayPqm2e8Q8NUa0RSUkGCfe33AfjR3Q=="
  "resolved" "https://registry.npmjs.org/range-parser/-/range-parser-1.0.3.tgz"
  "version" "1.0.3"

"resolve@0.6.3":
  "integrity" "sha512-UHBY3viPlJKf85YijDUcikKX6tmF4SokIDp518ZDVT92JNDcG5uKIthaT/owt3Sar0lwtOafsQuwrg22/v2Dwg=="
  "resolved" "https://registry.npmjs.org/resolve/-/resolve-0.6.3.tgz"
  "version" "0.6.3"

"rimraf@~2.0.2", "rimraf@2":
  "integrity" "sha512-uR09PSoW2+1hW0hquRqxb+Ae2h6R5ls3OAy2oNekQFtqbSJkltkhKRa+OhZKoxWsN9195Gp1vg7sELDRoJ8a3w=="
  "resolved" "https://registry.npmjs.org/rimraf/-/rimraf-2.0.3.tgz"
  "version" "2.0.3"
  optionalDependencies:
    "graceful-fs" "~1.1"

"rimraf@~2.2.0":
  "integrity" "sha512-R5KMKHnPAQaZMqLOsyuyUmcIjSeDm+73eoqQpaXA7AZ22BL+6C+1mcUscgOsNd8WVlJuvlgAPsegcx7pjlV0Dg=="
  "resolved" "https://registry.npmjs.org/rimraf/-/rimraf-2.2.8.tgz"
  "version" "2.2.8"

"rimraf@~2.2.1":
  "integrity" "sha512-R5KMKHnPAQaZMqLOsyuyUmcIjSeDm+73eoqQpaXA7AZ22BL+6C+1mcUscgOsNd8WVlJuvlgAPsegcx7pjlV0Dg=="
  "resolved" "https://registry.npmjs.org/rimraf/-/rimraf-2.2.8.tgz"
  "version" "2.2.8"

"semver@2.2.1":
  "integrity" "sha512-zM5SE887Z8Ixx9cGaFnu9Wd8xr0RFwixASZcvUh2QGnf/1uxYmyetDzhzkEdDKipmZPq/JTB0gLo1Sg59LXkQQ=="
  "resolved" "https://registry.npmjs.org/semver/-/semver-2.2.1.tgz"
  "version" "2.2.1"

"send@0.2.0":
  "integrity" "sha512-CR/kej5a8BChsMJwpmAtqOgdGI3nemoRaPcoXj/choHibvaOfkYcohcAbd9aEG8MhL9CfRH3KlUb+oHZsdNmTg=="
  "resolved" "https://registry.npmjs.org/send/-/send-0.2.0.tgz"
  "version" "0.2.0"
  dependencies:
    "debug" "*"
    "fresh" "~0.2.1"
    "mime" "~1.2.9"
    "range-parser" "~1.0.0"

"sigmund@~1.0.0":
  "integrity" "sha512-fCvEXfh6NWpm+YSuY2bpXb/VIihqWA6hLsgboC+0nl71Q7N7o2eaCW8mJa/NLvQhs6jpd3VZV4UiUQlV6+lc8g=="
  "resolved" "https://registry.npmjs.org/sigmund/-/sigmund-1.0.1.tgz"
  "version" "1.0.1"

"source-map@0.1.34":
  "integrity" "sha512-yfCwDj0vR9RTwt3pEzglgb3ZgmcXHt6DjG3bjJvzPwTL+5zDQ2MhmSzAcTy0GTiQuCiriSWXvWM1/NhKdXuoQA=="
  "resolved" "https://registry.npmjs.org/source-map/-/source-map-0.1.34.tgz"
  "version" "0.1.34"
  dependencies:
    "amdefine" ">=0.0.4"

"swig@1.3.2":
  "integrity" "sha512-ZvKMb68DxA0SOHGdamqMSbADNWx1jWwfJUdqGWwqOOQe0/qqBD6WKtzvumVT8b8CtXawxhutkWCg6B2YQDjFCQ=="
  "resolved" "https://registry.npmjs.org/swig/-/swig-1.3.2.tgz"
  "version" "1.3.2"
  dependencies:
    "optimist" "~0.6"
    "uglify-js" "~2.4"

"tmp@0.0.23":
  "integrity" "sha512-zR0TtNGw3OoChmmzHNnMVh6LRY7fCkxXnHOEI9/CZE5zn6TzZbyMknZdmQZzD0EhcQVT/9rZHeg1KqiqfAC5jw=="
  "resolved" "https://registry.npmjs.org/tmp/-/tmp-0.0.23.tgz"
  "version" "0.0.23"

"uglify-js@~2.4":
  "integrity" "sha512-tktIjwackfZLd893KGJmXc1hrRHH1vH9Po3xFh1XBjjeGAnN02xJ3SuoA+n1L29/ZaCA18KzCFlckS+vfPugiA=="
  "resolved" "https://registry.npmjs.org/uglify-js/-/uglify-js-2.4.24.tgz"
  "version" "2.4.24"
  dependencies:
    "async" "~0.2.6"
    "source-map" "0.1.34"
    "uglify-to-browserify" "~1.0.0"
    "yargs" "~3.5.4"

"uglify-to-browserify@~1.0.0":
  "integrity" "sha512-vb2s1lYx2xBtUgy+ta+b2J/GLVUR+wmpINwHePmPRhOsIVCG2wDzKJ0n14GslH1BifsqVzSOwQhRaCAsZ/nI4Q=="
  "resolved" "https://registry.npmjs.org/uglify-to-browserify/-/uglify-to-browserify-1.0.2.tgz"
  "version" "1.0.2"

"underscore.string@~2.2.0rc":
  "integrity" "sha512-3FVmhXqelrj6gfgp3Bn6tOavJvW0dNH2T+heTD38JRxIrAbiuzbqjknszoOYj3DyFB1nWiLj208Qt2no/L4cIA=="
  "resolved" "https://registry.npmjs.org/underscore.string/-/underscore.string-2.2.1.tgz"
  "version" "2.2.1"

"underscore.string@~2.4.0":
  "integrity" "sha512-yxkabuCaIBnzfIvX3kBxQqCs0ar/bfJwDnFEHJUm/ZrRVhT3IItdRF5cZjARLzEnyQYtIUhsZ2LG2j3HidFOFQ=="
  "resolved" "https://registry.npmjs.org/underscore.string/-/underscore.string-2.4.0.tgz"
  "version" "2.4.0"

"underscore@~1.7.0":
  "integrity" "sha512-cp0oQQyZhUM1kpJDLdGO1jPZHgS/MpzoWYfe9+CM2h/QGDZlqwT2T3YGukuBdaNJ/CAPoeyAZRRHz8JFo176vA=="
  "resolved" "https://registry.npmjs.org/underscore/-/underscore-1.7.0.tgz"
  "version" "1.7.0"

"union@0.3.x":
  "integrity" "sha512-0rE7P7EEOPZabwOGltjAFItQKHFx8pYfkamn3Se7KVdufcuwq6HwvVyVRqAVT/bfhwvJdb8Fs8HoXaL+IHCiWw=="
  "resolved" "https://registry.npmjs.org/union/-/union-0.3.8.tgz"
  "version" "0.3.8"
  dependencies:
    "pkginfo" "0.2.x"
    "qs" "0.5.x"

"url2@~0.0.0":
  "integrity" "sha512-gb/XT1m2mnWOIbQwa5V9Dq2O07fkZbtu1K0WAAKuaNSX0c8psp2jovJTbbvPKCpimutdoK9jXOejDCtvQOoKOA=="
  "resolved" "https://registry.npmjs.org/url2/-/url2-0.0.0.tgz"
  "version" "0.0.0"

"weak-map@1.0.0":
  "integrity" "sha512-Vb13TbgdvUEmzBA5mpsMqtPqcZGJPE2gj+b8wzxsevC7WkmL3c7YZg9H0pV1Jo8C1Sa1ykk3DU08hFRGLNWvLQ=="
  "resolved" "https://registry.npmjs.org/weak-map/-/weak-map-1.0.0.tgz"
  "version" "1.0.0"

"which@~1.0.5":
  "integrity" "sha512-E87fdQ/eRJr9W1X4wTPejNy9zTW3FI2vpCZSJ/HAY+TkjKVC0TUm1jk6vn2Z7qay0DQy0+RBGdXxj+RmmiGZKQ=="
  "resolved" "https://registry.npmjs.org/which/-/which-1.0.9.tgz"
  "version" "1.0.9"

"window-size@0.1.0":
  "integrity" "sha512-1pTPQDKTdd61ozlKGNCjhNRd+KPmgLSGa3mZTHoOliaGcESD8G1PXhh7c1fgiPjVbNVfgy2Faw4BI8/m0cC8Mg=="
  "resolved" "https://registry.npmjs.org/window-size/-/window-size-0.1.0.tgz"
  "version" "0.1.0"

"wordwrap@~0.0.2":
  "integrity" "sha512-1tMA907+V4QmxV7dbRvb4/8MaRALK6q9Abid3ndMYnbyo8piisCmeONVqVSXqQA3KaP4SLt5b7ud6E2sqP8TFw=="
  "resolved" "https://registry.npmjs.org/wordwrap/-/wordwrap-0.0.3.tgz"
  "version" "0.0.3"

"wordwrap@0.0.2":
  "integrity" "sha512-xSBsCeh+g+dinoBv3GAOWM4LcVVO68wLXRanibtBSdUvkGWQRGeE9P7IwU9EmDDi4jA6L44lz15CGMwdw9N5+Q=="
  "resolved" "https://registry.npmjs.org/wordwrap/-/wordwrap-0.0.2.tgz"
  "version" "0.0.2"

"wrench@1.5.1":
  "integrity" "sha512-Q59sen3tsxqNQIWgrOwDtUo/4P/BcclDh2UyqzTVC2BqjvJutip3YaHgQxujOY7t8MFEQB3FZED2GorOXlnZ/Q=="
  "resolved" "https://registry.npmjs.org/wrench/-/wrench-1.5.1.tgz"
  "version" "1.5.1"

"yargs@~3.5.4":
  "integrity" "sha512-5j382E4xQSs71p/xZQsU1PtRA2HXPAjX0E0DkoGLxwNASMOKX6A9doV1NrZmj85u2Pjquz402qonBzz/yLPbPA=="
  "resolved" "https://registry.npmjs.org/yargs/-/yargs-3.5.4.tgz"
  "version" "3.5.4"
  dependencies:
    "camelcase" "^1.0.2"
    "decamelize" "^1.0.0"
    "window-size" "0.1.0"
    "wordwrap" "0.0.2"
